{
  "originHash" : "d8e04e8f1d7cdbd96b60b58e2aeff50dc568a89169b686f7d65a85e1e6879f8e",
  "pins" : [
    {
      "identity" : "lambdaspire-swift-abstractions",
      "kind" : "remoteSourceControl",
      "location" : "https://github.com/Lambdaspire/Lambdaspire-Swift-Abstractions",
      "state" : {
        "revision" : "b5d8bf41df8ea16866f6a5e9a015cca259b87fc9",
        "version" : "2.0.0"
      }
    }
  ],
  "version" : 3
}
