{
  "originHash" : "b242b29e0fe2f154fb32836b6290b54db8cbe24a205d455f0ed18fade3d26f0e",
  "pins" : [
    {
      "identity" : "lambdaspire-swift-abstractions",
      "kind" : "remoteSourceControl",
      "location" : "https://github.com/Lambdaspire/Lambdaspire-Swift-Abstractions",
      "state" : {
        "revision" : "304fb68a55c3442669334ba7785c217f57d109b7",
        "version" : "1.0.0"
      }
    }
  ],
  "version" : 3
}
